
Microsoft Visual Studio Solution File, Format Version 12.00
# Visual Studio Version 17
VisualStudioVersion = 17.1.32228.430
MinimumVisualStudioVersion = 10.0.40219.1
Project("{9A19103F-16F7-4668-BE54-9A1E7A4F7556}") = "DynamicMvvm.Abstractions", "src\DynamicMvvm.Abstractions\DynamicMvvm.Abstractions.csproj", "{FB040CF7-8A52-412E-964F-B8BE3B025746}"
EndProject
Project("{9A19103F-16F7-4668-BE54-9A1E7A4F7556}") = "DynamicMvvm.Tests", "src\DynamicMvvm.Tests\DynamicMvvm.Tests.csproj", "{10AE5B44-4233-4AD9-BF71-FEDBBC4B2C29}"
EndProject
Project("{9A19103F-16F7-4668-BE54-9A1E7A4F7556}") = "DynamicMvvm", "src\DynamicMvvm\DynamicMvvm.csproj", "{B78A5229-FF24-483E-BB4E-9BC1200C262A}"
EndProject
Project("{9A19103F-16F7-4668-BE54-9A1E7A4F7556}") = "DynamicMvvm.Uno", "src\DynamicMvvm.Uno\DynamicMvvm.Uno.csproj", "{955B4011-FBB9-4B71-87AE-5CE114D10F02}"
EndProject
Project("{9A19103F-16F7-4668-BE54-9A1E7A4F7556}") = "DynamicMvvm.Reactive", "src\DynamicMvvm.Reactive\DynamicMvvm.Reactive.csproj", "{9D94D67C-B58B-498E-B6F3-BE8FB4BB7802}"
EndProject
Project("{9A19103F-16F7-4668-BE54-9A1E7A4F7556}") = "DynamicMvvm.FluentValidation", "src\DynamicMvvm.FluentValidation\DynamicMvvm.FluentValidation.csproj", "{4EED6C41-468A-436F-B95F-9F6371090815}"
EndProject
Project("{9A19103F-16F7-4668-BE54-9A1E7A4F7556}") = "DynamicMvvm.CollectionTracking", "src\DynamicMvvm.CollectionTracking\DynamicMvvm.CollectionTracking.csproj", "{143F2C3E-1241-4D44-939F-8ED5556C982E}"
EndProject
Project("{D954291E-2A0B-460D-934E-DC6B0785DB48}") = "Shared", "Shared\Shared.shproj", "{8BCF881B-035B-4572-A0B5-27C379DEBEE8}"
EndProject
Project("{9A19103F-16F7-4668-BE54-9A1E7A4F7556}") = "DynamicMvvm.Uno.WinUI", "src\DynamicMvvm.Uno.WinUI\DynamicMvvm.Uno.WinUI.csproj", "{1E13272A-4270-4F68-88B7-A54375866640}"
EndProject
Global
	GlobalSection(SolutionConfigurationPlatforms) = preSolution
		Debug|Android = Debug|Android
		Debug|Any CPU = Debug|Any CPU
		Debug|iOS = Debug|iOS
		Debug|NuGet = Debug|NuGet
		Debug|Simulator = Debug|Simulator
		Debug|UAP = Debug|UAP
		Debug|x64 = Debug|x64
		Debug|x86 = Debug|x86
		Release|Android = Release|Android
		Release|Any CPU = Release|Any CPU
		Release|iOS = Release|iOS
		Release|NuGet = Release|NuGet
		Release|Simulator = Release|Simulator
		Release|UAP = Release|UAP
		Release|x64 = Release|x64
		Release|x86 = Release|x86
	EndGlobalSection
	GlobalSection(ProjectConfigurationPlatforms) = postSolution
		{FB040CF7-8A52-412E-964F-B8BE3B025746}.Debug|Android.ActiveCfg = Debug|Any CPU
		{FB040CF7-8A52-412E-964F-B8BE3B025746}.Debug|Android.Build.0 = Debug|Any CPU
		{FB040CF7-8A52-412E-964F-B8BE3B025746}.Debug|Any CPU.ActiveCfg = Debug|Any CPU
		{FB040CF7-8A52-412E-964F-B8BE3B025746}.Debug|Any CPU.Build.0 = Debug|Any CPU
		{FB040CF7-8A52-412E-964F-B8BE3B025746}.Debug|iOS.ActiveCfg = Debug|Any CPU
		{FB040CF7-8A52-412E-964F-B8BE3B025746}.Debug|iOS.Build.0 = Debug|Any CPU
		{FB040CF7-8A52-412E-964F-B8BE3B025746}.Debug|NuGet.ActiveCfg = Debug|Any CPU
		{FB040CF7-8A52-412E-964F-B8BE3B025746}.Debug|NuGet.Build.0 = Debug|Any CPU
		{FB040CF7-8A52-412E-964F-B8BE3B025746}.Debug|Simulator.ActiveCfg = Debug|Any CPU
		{FB040CF7-8A52-412E-964F-B8BE3B025746}.Debug|Simulator.Build.0 = Debug|Any CPU
		{FB040CF7-8A52-412E-964F-B8BE3B025746}.Debug|UAP.ActiveCfg = Debug|Any CPU
		{FB040CF7-8A52-412E-964F-B8BE3B025746}.Debug|UAP.Build.0 = Debug|Any CPU
		{FB040CF7-8A52-412E-964F-B8BE3B025746}.Debug|x64.ActiveCfg = Debug|Any CPU
		{FB040CF7-8A52-412E-964F-B8BE3B025746}.Debug|x64.Build.0 = Debug|Any CPU
		{FB040CF7-8A52-412E-964F-B8BE3B025746}.Debug|x86.ActiveCfg = Debug|Any CPU
		{FB040CF7-8A52-412E-964F-B8BE3B025746}.Debug|x86.Build.0 = Debug|Any CPU
		{FB040CF7-8A52-412E-964F-B8BE3B025746}.Release|Android.ActiveCfg = Release|Any CPU
		{FB040CF7-8A52-412E-964F-B8BE3B025746}.Release|Android.Build.0 = Release|Any CPU
		{FB040CF7-8A52-412E-964F-B8BE3B025746}.Release|Any CPU.ActiveCfg = Release|Any CPU
		{FB040CF7-8A52-412E-964F-B8BE3B025746}.Release|Any CPU.Build.0 = Release|Any CPU
		{FB040CF7-8A52-412E-964F-B8BE3B025746}.Release|iOS.ActiveCfg = Release|Any CPU
		{FB040CF7-8A52-412E-964F-B8BE3B025746}.Release|iOS.Build.0 = Release|Any CPU
		{FB040CF7-8A52-412E-964F-B8BE3B025746}.Release|NuGet.ActiveCfg = Release|Any CPU
		{FB040CF7-8A52-412E-964F-B8BE3B025746}.Release|NuGet.Build.0 = Release|Any CPU
		{FB040CF7-8A52-412E-964F-B8BE3B025746}.Release|Simulator.ActiveCfg = Release|Any CPU
		{FB040CF7-8A52-412E-964F-B8BE3B025746}.Release|Simulator.Build.0 = Release|Any CPU
		{FB040CF7-8A52-412E-964F-B8BE3B025746}.Release|UAP.ActiveCfg = Release|Any CPU
		{FB040CF7-8A52-412E-964F-B8BE3B025746}.Release|UAP.Build.0 = Release|Any CPU
		{FB040CF7-8A52-412E-964F-B8BE3B025746}.Release|x64.ActiveCfg = Release|Any CPU
		{FB040CF7-8A52-412E-964F-B8BE3B025746}.Release|x64.Build.0 = Release|Any CPU
		{FB040CF7-8A52-412E-964F-B8BE3B025746}.Release|x86.ActiveCfg = Release|Any CPU
		{FB040CF7-8A52-412E-964F-B8BE3B025746}.Release|x86.Build.0 = Release|Any CPU
		{10AE5B44-4233-4AD9-BF71-FEDBBC4B2C29}.Debug|Android.ActiveCfg = Debug|Any CPU
		{10AE5B44-4233-4AD9-BF71-FEDBBC4B2C29}.Debug|Any CPU.ActiveCfg = Debug|Any CPU
		{10AE5B44-4233-4AD9-BF71-FEDBBC4B2C29}.Debug|Any CPU.Build.0 = Debug|Any CPU
		{10AE5B44-4233-4AD9-BF71-FEDBBC4B2C29}.Debug|iOS.ActiveCfg = Debug|Any CPU
		{10AE5B44-4233-4AD9-BF71-FEDBBC4B2C29}.Debug|NuGet.ActiveCfg = Debug|Any CPU
		{10AE5B44-4233-4AD9-BF71-FEDBBC4B2C29}.Debug|NuGet.Build.0 = Debug|Any CPU
		{10AE5B44-4233-4AD9-BF71-FEDBBC4B2C29}.Debug|Simulator.ActiveCfg = Debug|Any CPU
		{10AE5B44-4233-4AD9-BF71-FEDBBC4B2C29}.Debug|UAP.ActiveCfg = Debug|Any CPU
		{10AE5B44-4233-4AD9-BF71-FEDBBC4B2C29}.Debug|x64.ActiveCfg = Debug|Any CPU
		{10AE5B44-4233-4AD9-BF71-FEDBBC4B2C29}.Debug|x64.Build.0 = Debug|Any CPU
		{10AE5B44-4233-4AD9-BF71-FEDBBC4B2C29}.Debug|x86.ActiveCfg = Debug|Any CPU
		{10AE5B44-4233-4AD9-BF71-FEDBBC4B2C29}.Debug|x86.Build.0 = Debug|Any CPU
		{10AE5B44-4233-4AD9-BF71-FEDBBC4B2C29}.Release|Android.ActiveCfg = Release|Any CPU
		{10AE5B44-4233-4AD9-BF71-FEDBBC4B2C29}.Release|Any CPU.ActiveCfg = Release|Any CPU
		{10AE5B44-4233-4AD9-BF71-FEDBBC4B2C29}.Release|Any CPU.Build.0 = Release|Any CPU
		{10AE5B44-4233-4AD9-BF71-FEDBBC4B2C29}.Release|iOS.ActiveCfg = Release|Any CPU
		{10AE5B44-4233-4AD9-BF71-FEDBBC4B2C29}.Release|NuGet.ActiveCfg = Release|Any CPU
		{10AE5B44-4233-4AD9-BF71-FEDBBC4B2C29}.Release|NuGet.Build.0 = Release|Any CPU
		{10AE5B44-4233-4AD9-BF71-FEDBBC4B2C29}.Release|Simulator.ActiveCfg = Release|Any CPU
		{10AE5B44-4233-4AD9-BF71-FEDBBC4B2C29}.Release|UAP.ActiveCfg = Release|Any CPU
		{10AE5B44-4233-4AD9-BF71-FEDBBC4B2C29}.Release|x64.ActiveCfg = Release|Any CPU
		{10AE5B44-4233-4AD9-BF71-FEDBBC4B2C29}.Release|x64.Build.0 = Release|Any CPU
		{10AE5B44-4233-4AD9-BF71-FEDBBC4B2C29}.Release|x86.ActiveCfg = Release|Any CPU
		{10AE5B44-4233-4AD9-BF71-FEDBBC4B2C29}.Release|x86.Build.0 = Release|Any CPU
		{B78A5229-FF24-483E-BB4E-9BC1200C262A}.Debug|Android.ActiveCfg = Debug|Any CPU
		{B78A5229-FF24-483E-BB4E-9BC1200C262A}.Debug|Android.Build.0 = Debug|Any CPU
		{B78A5229-FF24-483E-BB4E-9BC1200C262A}.Debug|Any CPU.ActiveCfg = Debug|Any CPU
		{B78A5229-FF24-483E-BB4E-9BC1200C262A}.Debug|Any CPU.Build.0 = Debug|Any CPU
		{B78A5229-FF24-483E-BB4E-9BC1200C262A}.Debug|iOS.ActiveCfg = Debug|Any CPU
		{B78A5229-FF24-483E-BB4E-9BC1200C262A}.Debug|iOS.Build.0 = Debug|Any CPU
		{B78A5229-FF24-483E-BB4E-9BC1200C262A}.Debug|NuGet.ActiveCfg = Debug|Any CPU
		{B78A5229-FF24-483E-BB4E-9BC1200C262A}.Debug|NuGet.Build.0 = Debug|Any CPU
		{B78A5229-FF24-483E-BB4E-9BC1200C262A}.Debug|Simulator.ActiveCfg = Debug|Any CPU
		{B78A5229-FF24-483E-BB4E-9BC1200C262A}.Debug|Simulator.Build.0 = Debug|Any CPU
		{B78A5229-FF24-483E-BB4E-9BC1200C262A}.Debug|UAP.ActiveCfg = Debug|Any CPU
		{B78A5229-FF24-483E-BB4E-9BC1200C262A}.Debug|UAP.Build.0 = Debug|Any CPU
		{B78A5229-FF24-483E-BB4E-9BC1200C262A}.Debug|x64.ActiveCfg = Debug|Any CPU
		{B78A5229-FF24-483E-BB4E-9BC1200C262A}.Debug|x64.Build.0 = Debug|Any CPU
		{B78A5229-FF24-483E-BB4E-9BC1200C262A}.Debug|x86.ActiveCfg = Debug|Any CPU
		{B78A5229-FF24-483E-BB4E-9BC1200C262A}.Debug|x86.Build.0 = Debug|Any CPU
		{B78A5229-FF24-483E-BB4E-9BC1200C262A}.Release|Android.ActiveCfg = Release|Any CPU
		{B78A5229-FF24-483E-BB4E-9BC1200C262A}.Release|Android.Build.0 = Release|Any CPU
		{B78A5229-FF24-483E-BB4E-9BC1200C262A}.Release|Any CPU.ActiveCfg = Release|Any CPU
		{B78A5229-FF24-483E-BB4E-9BC1200C262A}.Release|Any CPU.Build.0 = Release|Any CPU
		{B78A5229-FF24-483E-BB4E-9BC1200C262A}.Release|iOS.ActiveCfg = Release|Any CPU
		{B78A5229-FF24-483E-BB4E-9BC1200C262A}.Release|iOS.Build.0 = Release|Any CPU
		{B78A5229-FF24-483E-BB4E-9BC1200C262A}.Release|NuGet.ActiveCfg = Release|Any CPU
		{B78A5229-FF24-483E-BB4E-9BC1200C262A}.Release|NuGet.Build.0 = Release|Any CPU
		{B78A5229-FF24-483E-BB4E-9BC1200C262A}.Release|Simulator.ActiveCfg = Release|Any CPU
		{B78A5229-FF24-483E-BB4E-9BC1200C262A}.Release|Simulator.Build.0 = Release|Any CPU
		{B78A5229-FF24-483E-BB4E-9BC1200C262A}.Release|UAP.ActiveCfg = Release|Any CPU
		{B78A5229-FF24-483E-BB4E-9BC1200C262A}.Release|UAP.Build.0 = Release|Any CPU
		{B78A5229-FF24-483E-BB4E-9BC1200C262A}.Release|x64.ActiveCfg = Release|Any CPU
		{B78A5229-FF24-483E-BB4E-9BC1200C262A}.Release|x64.Build.0 = Release|Any CPU
		{B78A5229-FF24-483E-BB4E-9BC1200C262A}.Release|x86.ActiveCfg = Release|Any CPU
		{B78A5229-FF24-483E-BB4E-9BC1200C262A}.Release|x86.Build.0 = Release|Any CPU
		{955B4011-FBB9-4B71-87AE-5CE114D10F02}.Debug|Android.ActiveCfg = Debug|Any CPU
		{955B4011-FBB9-4B71-87AE-5CE114D10F02}.Debug|Android.Build.0 = Debug|Any CPU
		{955B4011-FBB9-4B71-87AE-5CE114D10F02}.Debug|Any CPU.ActiveCfg = Debug|Any CPU
		{955B4011-FBB9-4B71-87AE-5CE114D10F02}.Debug|Any CPU.Build.0 = Debug|Any CPU
		{955B4011-FBB9-4B71-87AE-5CE114D10F02}.Debug|iOS.ActiveCfg = Debug|Any CPU
		{955B4011-FBB9-4B71-87AE-5CE114D10F02}.Debug|iOS.Build.0 = Debug|Any CPU
		{955B4011-FBB9-4B71-87AE-5CE114D10F02}.Debug|NuGet.ActiveCfg = Debug|Any CPU
		{955B4011-FBB9-4B71-87AE-5CE114D10F02}.Debug|NuGet.Build.0 = Debug|Any CPU
		{955B4011-FBB9-4B71-87AE-5CE114D10F02}.Debug|Simulator.ActiveCfg = Debug|Any CPU
		{955B4011-FBB9-4B71-87AE-5CE114D10F02}.Debug|Simulator.Build.0 = Debug|Any CPU
		{955B4011-FBB9-4B71-87AE-5CE114D10F02}.Debug|UAP.ActiveCfg = Debug|Any CPU
		{955B4011-FBB9-4B71-87AE-5CE114D10F02}.Debug|UAP.Build.0 = Debug|Any CPU
		{955B4011-FBB9-4B71-87AE-5CE114D10F02}.Debug|x64.ActiveCfg = Debug|Any CPU
		{955B4011-FBB9-4B71-87AE-5CE114D10F02}.Debug|x64.Build.0 = Debug|Any CPU
		{955B4011-FBB9-4B71-87AE-5CE114D10F02}.Debug|x86.ActiveCfg = Debug|Any CPU
		{955B4011-FBB9-4B71-87AE-5CE114D10F02}.Debug|x86.Build.0 = Debug|Any CPU
		{955B4011-FBB9-4B71-87AE-5CE114D10F02}.Release|Android.ActiveCfg = Release|Any CPU
		{955B4011-FBB9-4B71-87AE-5CE114D10F02}.Release|Android.Build.0 = Release|Any CPU
		{955B4011-FBB9-4B71-87AE-5CE114D10F02}.Release|Any CPU.ActiveCfg = Release|Any CPU
		{955B4011-FBB9-4B71-87AE-5CE114D10F02}.Release|Any CPU.Build.0 = Release|Any CPU
		{955B4011-FBB9-4B71-87AE-5CE114D10F02}.Release|iOS.ActiveCfg = Release|Any CPU
		{955B4011-FBB9-4B71-87AE-5CE114D10F02}.Release|iOS.Build.0 = Release|Any CPU
		{955B4011-FBB9-4B71-87AE-5CE114D10F02}.Release|NuGet.ActiveCfg = Release|Any CPU
		{955B4011-FBB9-4B71-87AE-5CE114D10F02}.Release|NuGet.Build.0 = Release|Any CPU
		{955B4011-FBB9-4B71-87AE-5CE114D10F02}.Release|Simulator.ActiveCfg = Release|Any CPU
		{955B4011-FBB9-4B71-87AE-5CE114D10F02}.Release|Simulator.Build.0 = Release|Any CPU
		{955B4011-FBB9-4B71-87AE-5CE114D10F02}.Release|UAP.ActiveCfg = Release|Any CPU
		{955B4011-FBB9-4B71-87AE-5CE114D10F02}.Release|UAP.Build.0 = Release|Any CPU
		{955B4011-FBB9-4B71-87AE-5CE114D10F02}.Release|x64.ActiveCfg = Release|Any CPU
		{955B4011-FBB9-4B71-87AE-5CE114D10F02}.Release|x64.Build.0 = Release|Any CPU
		{955B4011-FBB9-4B71-87AE-5CE114D10F02}.Release|x86.ActiveCfg = Release|Any CPU
		{955B4011-FBB9-4B71-87AE-5CE114D10F02}.Release|x86.Build.0 = Release|Any CPU
		{9D94D67C-B58B-498E-B6F3-BE8FB4BB7802}.Debug|Android.ActiveCfg = Debug|Any CPU
		{9D94D67C-B58B-498E-B6F3-BE8FB4BB7802}.Debug|Android.Build.0 = Debug|Any CPU
		{9D94D67C-B58B-498E-B6F3-BE8FB4BB7802}.Debug|Any CPU.ActiveCfg = Debug|Any CPU
		{9D94D67C-B58B-498E-B6F3-BE8FB4BB7802}.Debug|Any CPU.Build.0 = Debug|Any CPU
		{9D94D67C-B58B-498E-B6F3-BE8FB4BB7802}.Debug|iOS.ActiveCfg = Debug|Any CPU
		{9D94D67C-B58B-498E-B6F3-BE8FB4BB7802}.Debug|iOS.Build.0 = Debug|Any CPU
		{9D94D67C-B58B-498E-B6F3-BE8FB4BB7802}.Debug|NuGet.ActiveCfg = Debug|Any CPU
		{9D94D67C-B58B-498E-B6F3-BE8FB4BB7802}.Debug|NuGet.Build.0 = Debug|Any CPU
		{9D94D67C-B58B-498E-B6F3-BE8FB4BB7802}.Debug|Simulator.ActiveCfg = Debug|Any CPU
		{9D94D67C-B58B-498E-B6F3-BE8FB4BB7802}.Debug|Simulator.Build.0 = Debug|Any CPU
		{9D94D67C-B58B-498E-B6F3-BE8FB4BB7802}.Debug|UAP.ActiveCfg = Debug|Any CPU
		{9D94D67C-B58B-498E-B6F3-BE8FB4BB7802}.Debug|UAP.Build.0 = Debug|Any CPU
		{9D94D67C-B58B-498E-B6F3-BE8FB4BB7802}.Debug|x64.ActiveCfg = Debug|Any CPU
		{9D94D67C-B58B-498E-B6F3-BE8FB4BB7802}.Debug|x64.Build.0 = Debug|Any CPU
		{9D94D67C-B58B-498E-B6F3-BE8FB4BB7802}.Debug|x86.ActiveCfg = Debug|Any CPU
		{9D94D67C-B58B-498E-B6F3-BE8FB4BB7802}.Debug|x86.Build.0 = Debug|Any CPU
		{9D94D67C-B58B-498E-B6F3-BE8FB4BB7802}.Release|Android.ActiveCfg = Release|Any CPU
		{9D94D67C-B58B-498E-B6F3-BE8FB4BB7802}.Release|Android.Build.0 = Release|Any CPU
		{9D94D67C-B58B-498E-B6F3-BE8FB4BB7802}.Release|Any CPU.ActiveCfg = Release|Any CPU
		{9D94D67C-B58B-498E-B6F3-BE8FB4BB7802}.Release|Any CPU.Build.0 = Release|Any CPU
		{9D94D67C-B58B-498E-B6F3-BE8FB4BB7802}.Release|iOS.ActiveCfg = Release|Any CPU
		{9D94D67C-B58B-498E-B6F3-BE8FB4BB7802}.Release|iOS.Build.0 = Release|Any CPU
		{9D94D67C-B58B-498E-B6F3-BE8FB4BB7802}.Release|NuGet.ActiveCfg = Release|Any CPU
		{9D94D67C-B58B-498E-B6F3-BE8FB4BB7802}.Release|NuGet.Build.0 = Release|Any CPU
		{9D94D67C-B58B-498E-B6F3-BE8FB4BB7802}.Release|Simulator.ActiveCfg = Release|Any CPU
		{9D94D67C-B58B-498E-B6F3-BE8FB4BB7802}.Release|Simulator.Build.0 = Release|Any CPU
		{9D94D67C-B58B-498E-B6F3-BE8FB4BB7802}.Release|UAP.ActiveCfg = Release|Any CPU
		{9D94D67C-B58B-498E-B6F3-BE8FB4BB7802}.Release|UAP.Build.0 = Release|Any CPU
		{9D94D67C-B58B-498E-B6F3-BE8FB4BB7802}.Release|x64.ActiveCfg = Release|Any CPU
		{9D94D67C-B58B-498E-B6F3-BE8FB4BB7802}.Release|x64.Build.0 = Release|Any CPU
		{9D94D67C-B58B-498E-B6F3-BE8FB4BB7802}.Release|x86.ActiveCfg = Release|Any CPU
		{9D94D67C-B58B-498E-B6F3-BE8FB4BB7802}.Release|x86.Build.0 = Release|Any CPU
		{4EED6C41-468A-436F-B95F-9F6371090815}.Debug|Android.ActiveCfg = Debug|Any CPU
		{4EED6C41-468A-436F-B95F-9F6371090815}.Debug|Android.Build.0 = Debug|Any CPU
		{4EED6C41-468A-436F-B95F-9F6371090815}.Debug|Any CPU.ActiveCfg = Debug|Any CPU
		{4EED6C41-468A-436F-B95F-9F6371090815}.Debug|Any CPU.Build.0 = Debug|Any CPU
		{4EED6C41-468A-436F-B95F-9F6371090815}.Debug|iOS.ActiveCfg = Debug|Any CPU
		{4EED6C41-468A-436F-B95F-9F6371090815}.Debug|iOS.Build.0 = Debug|Any CPU
		{4EED6C41-468A-436F-B95F-9F6371090815}.Debug|NuGet.ActiveCfg = Debug|Any CPU
		{4EED6C41-468A-436F-B95F-9F6371090815}.Debug|NuGet.Build.0 = Debug|Any CPU
		{4EED6C41-468A-436F-B95F-9F6371090815}.Debug|Simulator.ActiveCfg = Debug|Any CPU
		{4EED6C41-468A-436F-B95F-9F6371090815}.Debug|Simulator.Build.0 = Debug|Any CPU
		{4EED6C41-468A-436F-B95F-9F6371090815}.Debug|UAP.ActiveCfg = Debug|Any CPU
		{4EED6C41-468A-436F-B95F-9F6371090815}.Debug|UAP.Build.0 = Debug|Any CPU
		{4EED6C41-468A-436F-B95F-9F6371090815}.Debug|x64.ActiveCfg = Debug|Any CPU
		{4EED6C41-468A-436F-B95F-9F6371090815}.Debug|x64.Build.0 = Debug|Any CPU
		{4EED6C41-468A-436F-B95F-9F6371090815}.Debug|x86.ActiveCfg = Debug|Any CPU
		{4EED6C41-468A-436F-B95F-9F6371090815}.Debug|x86.Build.0 = Debug|Any CPU
		{4EED6C41-468A-436F-B95F-9F6371090815}.Release|Android.ActiveCfg = Release|Any CPU
		{4EED6C41-468A-436F-B95F-9F6371090815}.Release|Android.Build.0 = Release|Any CPU
		{4EED6C41-468A-436F-B95F-9F6371090815}.Release|Any CPU.ActiveCfg = Release|Any CPU
		{4EED6C41-468A-436F-B95F-9F6371090815}.Release|Any CPU.Build.0 = Release|Any CPU
		{4EED6C41-468A-436F-B95F-9F6371090815}.Release|iOS.ActiveCfg = Release|Any CPU
		{4EED6C41-468A-436F-B95F-9F6371090815}.Release|iOS.Build.0 = Release|Any CPU
		{4EED6C41-468A-436F-B95F-9F6371090815}.Release|NuGet.ActiveCfg = Release|Any CPU
		{4EED6C41-468A-436F-B95F-9F6371090815}.Release|NuGet.Build.0 = Release|Any CPU
		{4EED6C41-468A-436F-B95F-9F6371090815}.Release|Simulator.ActiveCfg = Release|Any CPU
		{4EED6C41-468A-436F-B95F-9F6371090815}.Release|Simulator.Build.0 = Release|Any CPU
		{4EED6C41-468A-436F-B95F-9F6371090815}.Release|UAP.ActiveCfg = Release|Any CPU
		{4EED6C41-468A-436F-B95F-9F6371090815}.Release|UAP.Build.0 = Release|Any CPU
		{4EED6C41-468A-436F-B95F-9F6371090815}.Release|x64.ActiveCfg = Release|Any CPU
		{4EED6C41-468A-436F-B95F-9F6371090815}.Release|x64.Build.0 = Release|Any CPU
		{4EED6C41-468A-436F-B95F-9F6371090815}.Release|x86.ActiveCfg = Release|Any CPU
		{4EED6C41-468A-436F-B95F-9F6371090815}.Release|x86.Build.0 = Release|Any CPU
		{143F2C3E-1241-4D44-939F-8ED5556C982E}.Debug|Android.ActiveCfg = Debug|Any CPU
		{143F2C3E-1241-4D44-939F-8ED5556C982E}.Debug|Android.Build.0 = Debug|Any CPU
		{143F2C3E-1241-4D44-939F-8ED5556C982E}.Debug|Any CPU.ActiveCfg = Debug|Any CPU
		{143F2C3E-1241-4D44-939F-8ED5556C982E}.Debug|Any CPU.Build.0 = Debug|Any CPU
		{143F2C3E-1241-4D44-939F-8ED5556C982E}.Debug|iOS.ActiveCfg = Debug|Any CPU
		{143F2C3E-1241-4D44-939F-8ED5556C982E}.Debug|iOS.Build.0 = Debug|Any CPU
		{143F2C3E-1241-4D44-939F-8ED5556C982E}.Debug|NuGet.ActiveCfg = Debug|Any CPU
		{143F2C3E-1241-4D44-939F-8ED5556C982E}.Debug|NuGet.Build.0 = Debug|Any CPU
		{143F2C3E-1241-4D44-939F-8ED5556C982E}.Debug|Simulator.ActiveCfg = Debug|Any CPU
		{143F2C3E-1241-4D44-939F-8ED5556C982E}.Debug|Simulator.Build.0 = Debug|Any CPU
		{143F2C3E-1241-4D44-939F-8ED5556C982E}.Debug|UAP.ActiveCfg = Debug|Any CPU
		{143F2C3E-1241-4D44-939F-8ED5556C982E}.Debug|UAP.Build.0 = Debug|Any CPU
		{143F2C3E-1241-4D44-939F-8ED5556C982E}.Debug|x64.ActiveCfg = Debug|Any CPU
		{143F2C3E-1241-4D44-939F-8ED5556C982E}.Debug|x64.Build.0 = Debug|Any CPU
		{143F2C3E-1241-4D44-939F-8ED5556C982E}.Debug|x86.ActiveCfg = Debug|Any CPU
		{143F2C3E-1241-4D44-939F-8ED5556C982E}.Debug|x86.Build.0 = Debug|Any CPU
		{143F2C3E-1241-4D44-939F-8ED5556C982E}.Release|Android.ActiveCfg = Release|Any CPU
		{143F2C3E-1241-4D44-939F-8ED5556C982E}.Release|Android.Build.0 = Release|Any CPU
		{143F2C3E-1241-4D44-939F-8ED5556C982E}.Release|Any CPU.ActiveCfg = Release|Any CPU
		{143F2C3E-1241-4D44-939F-8ED5556C982E}.Release|Any CPU.Build.0 = Release|Any CPU
		{143F2C3E-1241-4D44-939F-8ED5556C982E}.Release|iOS.ActiveCfg = Release|Any CPU
		{143F2C3E-1241-4D44-939F-8ED5556C982E}.Release|iOS.Build.0 = Release|Any CPU
		{143F2C3E-1241-4D44-939F-8ED5556C982E}.Release|NuGet.ActiveCfg = Release|Any CPU
		{143F2C3E-1241-4D44-939F-8ED5556C982E}.Release|NuGet.Build.0 = Release|Any CPU
		{143F2C3E-1241-4D44-939F-8ED5556C982E}.Release|Simulator.ActiveCfg = Release|Any CPU
		{143F2C3E-1241-4D44-939F-8ED5556C982E}.Release|Simulator.Build.0 = Release|Any CPU
		{143F2C3E-1241-4D44-939F-8ED5556C982E}.Release|UAP.ActiveCfg = Release|Any CPU
		{143F2C3E-1241-4D44-939F-8ED5556C982E}.Release|UAP.Build.0 = Release|Any CPU
		{143F2C3E-1241-4D44-939F-8ED5556C982E}.Release|x64.ActiveCfg = Release|Any CPU
		{143F2C3E-1241-4D44-939F-8ED5556C982E}.Release|x64.Build.0 = Release|Any CPU
		{143F2C3E-1241-4D44-939F-8ED5556C982E}.Release|x86.ActiveCfg = Release|Any CPU
		{143F2C3E-1241-4D44-939F-8ED5556C982E}.Release|x86.Build.0 = Release|Any CPU
		{1E13272A-4270-4F68-88B7-A54375866640}.Debug|Android.ActiveCfg = Debug|Any CPU
		{1E13272A-4270-4F68-88B7-A54375866640}.Debug|Android.Build.0 = Debug|Any CPU
		{1E13272A-4270-4F68-88B7-A54375866640}.Debug|Any CPU.ActiveCfg = Debug|Any CPU
		{1E13272A-4270-4F68-88B7-A54375866640}.Debug|Any CPU.Build.0 = Debug|Any CPU
		{1E13272A-4270-4F68-88B7-A54375866640}.Debug|iOS.ActiveCfg = Debug|Any CPU
		{1E13272A-4270-4F68-88B7-A54375866640}.Debug|iOS.Build.0 = Debug|Any CPU
		{1E13272A-4270-4F68-88B7-A54375866640}.Debug|NuGet.ActiveCfg = Debug|Any CPU
		{1E13272A-4270-4F68-88B7-A54375866640}.Debug|NuGet.Build.0 = Debug|Any CPU
		{1E13272A-4270-4F68-88B7-A54375866640}.Debug|Simulator.ActiveCfg = Debug|Any CPU
		{1E13272A-4270-4F68-88B7-A54375866640}.Debug|Simulator.Build.0 = Debug|Any CPU
		{1E13272A-4270-4F68-88B7-A54375866640}.Debug|UAP.ActiveCfg = Debug|Any CPU
		{1E13272A-4270-4F68-88B7-A54375866640}.Debug|UAP.Build.0 = Debug|Any CPU
		{1E13272A-4270-4F68-88B7-A54375866640}.Debug|x64.ActiveCfg = Debug|x64
		{1E13272A-4270-4F68-88B7-A54375866640}.Debug|x64.Build.0 = Debug|x64
		{1E13272A-4270-4F68-88B7-A54375866640}.Debug|x86.ActiveCfg = Debug|x86
		{1E13272A-4270-4F68-88B7-A54375866640}.Debug|x86.Build.0 = Debug|x86
		{1E13272A-4270-4F68-88B7-A54375866640}.Release|Android.ActiveCfg = Release|Any CPU
		{1E13272A-4270-4F68-88B7-A54375866640}.Release|Android.Build.0 = Release|Any CPU
		{1E13272A-4270-4F68-88B7-A54375866640}.Release|Any CPU.ActiveCfg = Release|Any CPU
		{1E13272A-4270-4F68-88B7-A54375866640}.Release|Any CPU.Build.0 = Release|Any CPU
		{1E13272A-4270-4F68-88B7-A54375866640}.Release|iOS.ActiveCfg = Release|Any CPU
		{1E13272A-4270-4F68-88B7-A54375866640}.Release|iOS.Build.0 = Release|Any CPU
		{1E13272A-4270-4F68-88B7-A54375866640}.Release|NuGet.ActiveCfg = Release|Any CPU
		{1E13272A-4270-4F68-88B7-A54375866640}.Release|NuGet.Build.0 = Release|Any CPU
		{1E13272A-4270-4F68-88B7-A54375866640}.Release|Simulator.ActiveCfg = Release|Any CPU
		{1E13272A-4270-4F68-88B7-A54375866640}.Release|Simulator.Build.0 = Release|Any CPU
		{1E13272A-4270-4F68-88B7-A54375866640}.Release|UAP.ActiveCfg = Release|Any CPU
		{1E13272A-4270-4F68-88B7-A54375866640}.Release|UAP.Build.0 = Release|Any CPU
		{1E13272A-4270-4F68-88B7-A54375866640}.Release|x64.ActiveCfg = Release|x64
		{1E13272A-4270-4F68-88B7-A54375866640}.Release|x64.Build.0 = Release|x64
		{1E13272A-4270-4F68-88B7-A54375866640}.Release|x86.ActiveCfg = Release|x86
		{1E13272A-4270-4F68-88B7-A54375866640}.Release|x86.Build.0 = Release|x86
	EndGlobalSection
	GlobalSection(SolutionProperties) = preSolution
		HideSolutionNode = FALSE
	EndGlobalSection
	GlobalSection(ExtensibilityGlobals) = postSolution
		SolutionGuid = {5BA7DD68-E008-4F53-8F51-83D42D3877B9}
	EndGlobalSection
	GlobalSection(SharedMSBuildProjectFiles) = preSolution
		Shared\Shared.projitems*{1e13272a-4270-4f68-88b7-a54375866640}*SharedItemsImports = 5
		Shared\Shared.projitems*{8bcf881b-035b-4572-a0b5-27c379debee8}*SharedItemsImports = 13
		Shared\Shared.projitems*{955b4011-fbb9-4b71-87ae-5ce114d10f02}*SharedItemsImports = 5
	EndGlobalSection
EndGlobal
